
Microsoft Visual Studio Solution File, Format Version 12.00
# Visual Studio 15
VisualStudioVersion = 15.0.28306.52
MinimumVisualStudioVersion = 10.0.40219.1
Project("{8BC9CEB8-8B4A-11D0-8D11-00A0C91BC942}") = "Project1", "Project1\Project1.vcxproj", "{B1008A41-77B2-4B6F-B3EA-228266F72447}"
EndProject
Global
	GlobalSection(SolutionConfigurationPlatforms) = preSolution
		Debug|x64 = Debug|x64
		Debug|x86 = Debug|x86
		Release|x64 = Release|x64
		Release|x86 = Release|x86
	EndGlobalSection
	GlobalSection(ProjectConfigurationPlatforms) = postSolution
		{B1008A41-77B2-4B6F-B3EA-228266F72447}.Debug|x64.ActiveCfg = Debug|x64
		{B1008A41-77B2-4B6F-B3EA-228266F72447}.Debug|x64.Build.0 = Debug|x64
		{B1008A41-77B2-4B6F-B3EA-228266F72447}.Debug|x86.ActiveCfg = Debug|Win32
		{B1008A41-77B2-4B6F-B3EA-228266F72447}.Debug|x86.Build.0 = Debug|Win32
		{B1008A41-77B2-4B6F-B3EA-228266F72447}.Release|x64.ActiveCfg = Release|x64
		{B1008A41-77B2-4B6F-B3EA-228266F72447}.Release|x64.Build.0 = Release|x64
		{B1008A41-77B2-4B6F-B3EA-228266F72447}.Release|x86.ActiveCfg = Release|Win32
		{B1008A41-77B2-4B6F-B3EA-228266F72447}.Release|x86.Build.0 = Release|Win32
	EndGlobalSection
	GlobalSection(SolutionProperties) = preSolution
		HideSolutionNode = FALSE
	EndGlobalSection
	GlobalSection(ExtensibilityGlobals) = postSolution
		SolutionGuid = {AE67CCA4-3D60-4948-9CEC-7DAAF9BFF731}
	EndGlobalSection
EndGlobal
